
Microsoft Visual Studio Solution File, Format Version 12.00
# Visual Studio Version 16
VisualStudioVersion = 16.0.29920.165
MinimumVisualStudioVersion = 10.0.40219.1
Project("{888888A0-9F3D-457C-B088-3A5042F75D52}") = "Tugas Modul 4 Kelompok 32", "Tugas Modul 4 Kelompok 32\Tugas Modul 4 Kelompok 32.pyproj", "{7DED7605-9107-4014-B2E7-27EC466A4BCF}"
EndProject
Global
	GlobalSection(SolutionConfigurationPlatforms) = preSolution
		Debug|Any CPU = Debug|Any CPU
		Release|Any CPU = Release|Any CPU
	EndGlobalSection
	GlobalSection(ProjectConfigurationPlatforms) = postSolution
		{7DED7605-9107-4014-B2E7-27EC466A4BCF}.Debug|Any CPU.ActiveCfg = Debug|Any CPU
		{7DED7605-9107-4014-B2E7-27EC466A4BCF}.Release|Any CPU.ActiveCfg = Release|Any CPU
	EndGlobalSection
	GlobalSection(SolutionProperties) = preSolution
		HideSolutionNode = FALSE
	EndGlobalSection
	GlobalSection(ExtensibilityGlobals) = postSolution
		SolutionGuid = {68B8A328-AF08-427D-8044-F482CE4A96B4}
	EndGlobalSection
EndGlobal
